// !$*UTF8*$!
{
	archiveVersion = 1;
	classes = {
	};
	objectVersion = 48;
	objects = {

/* Begin PBXBuildFile section */
		0E6857011FAD67CB008F4447 /* AppDelegate.swift in Sources */ = {isa = PBXBuildFile; fileRef = 0E6857001FAD67CB008F4447 /* AppDelegate.swift */; };
		0E6857061FAD67CB008F4447 /* Main.storyboard in Resources */ = {isa = PBXBuildFile; fileRef = 0E6857041FAD67CB008F4447 /* Main.storyboard */; };
		0E6857081FAD67CB008F4447 /* Assets.xcassets in Resources */ = {isa = PBXBuildFile; fileRef = 0E6857071FAD67CB008F4447 /* Assets.xcassets */; };
		0E68570B1FAD67CB008F4447 /* LaunchScreen.storyboard in Resources */ = {isa = PBXBuildFile; fileRef = 0E6857091FAD67CB008F4447 /* LaunchScreen.storyboard */; };
		0E6857141FAD6A76008F4447 /* field_observations.json in Resources */ = {isa = PBXBuildFile; fileRef = 0E6857131FAD6A76008F4447 /* field_observations.json */; };
		0E6857161FAD6B70008F4447 /* Classification.swift in Sources */ = {isa = PBXBuildFile; fileRef = 0E6857151FAD6B70008F4447 /* Classification.swift */; };
		0E6857181FAD6D8E008F4447 /* FieldSurvey.swift in Sources */ = {isa = PBXBuildFile; fileRef = 0E6857171FAD6D8E008F4447 /* FieldSurvey.swift */; };
		0E68571E1FAD7BC3008F4447 /* FieldSurveysJSONLoader.swift in Sources */ = {isa = PBXBuildFile; fileRef = 0E68571D1FAD7BC3008F4447 /* FieldSurveysJSONLoader.swift */; };
		0E6857201FAD80B0008F4447 /* FieldSurveysJSONParser.swift in Sources */ = {isa = PBXBuildFile; fileRef = 0E68571F1FAD80B0008F4447 /* FieldSurveysJSONParser.swift */; };
		0E6857261FAD87A7008F4447 /* FieldSurveyViewController.swift in Sources */ = {isa = PBXBuildFile; fileRef = 0E6857251FAD87A7008F4447 /* FieldSurveyViewController.swift */; };
		0E6857281FAD87E2008F4447 /* FieldSurveyDetailViewController.swift in Sources */ = {isa = PBXBuildFile; fileRef = 0E6857271FAD87E2008F4447 /* FieldSurveyDetailViewController.swift */; };
		0E68572A1FAD9530008F4447 /* FieldSurveyTableViewCell.swift in Sources */ = {isa = PBXBuildFile; fileRef = 0E6857291FAD9530008F4447 /* FieldSurveyTableViewCell.swift */; };
/* End PBXBuildFile section */

/* Begin PBXFileReference section */
		0E6856FD1FAD67CB008F4447 /* Field Survey.app */ = {isa = PBXFileReference; explicitFileType = wrapper.application; includeInIndex = 0; path = "Field Survey.app"; sourceTree = BUILT_PRODUCTS_DIR; };
		0E6857001FAD67CB008F4447 /* AppDelegate.swift */ = {isa = PBXFileReference; lastKnownFileType = sourcecode.swift; path = AppDelegate.swift; sourceTree = "<group>"; };
		0E6857051FAD67CB008F4447 /* Base */ = {isa = PBXFileReference; lastKnownFileType = file.storyboard; name = Base; path = Base.lproj/Main.storyboard; sourceTree = "<group>"; };
		0E6857071FAD67CB008F4447 /* Assets.xcassets */ = {isa = PBXFileReference; lastKnownFileType = folder.assetcatalog; path = Assets.xcassets; sourceTree = "<group>"; };
		0E68570A1FAD67CB008F4447 /* Base */ = {isa = PBXFileReference; lastKnownFileType = file.storyboard; name = Base; path = Base.lproj/LaunchScreen.storyboard; sourceTree = "<group>"; };
		0E68570C1FAD67CB008F4447 /* Info.plist */ = {isa = PBXFileReference; lastKnownFileType = text.plist.xml; path = Info.plist; sourceTree = "<group>"; };
		0E6857131FAD6A76008F4447 /* field_observations.json */ = {isa = PBXFileReference; fileEncoding = 4; lastKnownFileType = text.json; path = field_observations.json; sourceTree = "<group>"; };
		0E6857151FAD6B70008F4447 /* Classification.swift */ = {isa = PBXFileReference; lastKnownFileType = sourcecode.swift; path = Classification.swift; sourceTree = "<group>"; };
		0E6857171FAD6D8E008F4447 /* FieldSurvey.swift */ = {isa = PBXFileReference; lastKnownFileType = sourcecode.swift; path = FieldSurvey.swift; sourceTree = "<group>"; };
		0E68571D1FAD7BC3008F4447 /* FieldSurveysJSONLoader.swift */ = {isa = PBXFileReference; lastKnownFileType = sourcecode.swift; path = FieldSurveysJSONLoader.swift; sourceTree = "<group>"; };
		0E68571F1FAD80B0008F4447 /* FieldSurveysJSONParser.swift */ = {isa = PBXFileReference; lastKnownFileType = sourcecode.swift; path = FieldSurveysJSONParser.swift; sourceTree = "<group>"; };
		0E6857251FAD87A7008F4447 /* FieldSurveyViewController.swift */ = {isa = PBXFileReference; lastKnownFileType = sourcecode.swift; path = FieldSurveyViewController.swift; sourceTree = "<group>"; };
		0E6857271FAD87E2008F4447 /* FieldSurveyDetailViewController.swift */ = {isa = PBXFileReference; lastKnownFileType = sourcecode.swift; path = FieldSurveyDetailViewController.swift; sourceTree = "<group>"; };
		0E6857291FAD9530008F4447 /* FieldSurveyTableViewCell.swift */ = {isa = PBXFileReference; lastKnownFileType = sourcecode.swift; path = FieldSurveyTableViewCell.swift; sourceTree = "<group>"; };
/* End PBXFileReference section */

/* Begin PBXFrameworksBuildPhase section */
		0E6856FA1FAD67CB008F4447 /* Frameworks */ = {
			isa = PBXFrameworksBuildPhase;
			buildActionMask = 2147483647;
			files = (
			);
			runOnlyForDeploymentPostprocessing = 0;
		};
/* End PBXFrameworksBuildPhase section */

/* Begin PBXGroup section */
		0E6856F41FAD67CB008F4447 = {
			isa = PBXGroup;
			children = (
				0E6856FF1FAD67CB008F4447 /* Field Survey */,
				0E6856FE1FAD67CB008F4447 /* Products */,
			);
			sourceTree = "<group>";
		};
		0E6856FE1FAD67CB008F4447 /* Products */ = {
			isa = PBXGroup;
			children = (
				0E6856FD1FAD67CB008F4447 /* Field Survey.app */,
			);
			name = Products;
			sourceTree = "<group>";
		};
		0E6856FF1FAD67CB008F4447 /* Field Survey */ = {
			isa = PBXGroup;
			children = (
				0E6857121FAD69FB008F4447 /* Model */,
				0E6857001FAD67CB008F4447 /* AppDelegate.swift */,
				0E6857041FAD67CB008F4447 /* Main.storyboard */,
				0E6857071FAD67CB008F4447 /* Assets.xcassets */,
				0E6857091FAD67CB008F4447 /* LaunchScreen.storyboard */,
				0E68570C1FAD67CB008F4447 /* Info.plist */,
				0E6857251FAD87A7008F4447 /* FieldSurveyViewController.swift */,
				0E6857271FAD87E2008F4447 /* FieldSurveyDetailViewController.swift */,
				0E6857291FAD9530008F4447 /* FieldSurveyTableViewCell.swift */,
			);
			path = "Field Survey";
			sourceTree = "<group>";
		};
		0E6857121FAD69FB008F4447 /* Model */ = {
			isa = PBXGroup;
			children = (
				0E6857131FAD6A76008F4447 /* field_observations.json */,
				0E6857151FAD6B70008F4447 /* Classification.swift */,
				0E6857171FAD6D8E008F4447 /* FieldSurvey.swift */,
				0E68571D1FAD7BC3008F4447 /* FieldSurveysJSONLoader.swift */,
				0E68571F1FAD80B0008F4447 /* FieldSurveysJSONParser.swift */,
			);
			path = Model;
			sourceTree = "<group>";
		};
/* End PBXGroup section */

/* Begin PBXNativeTarget section */
		0E6856FC1FAD67CB008F4447 /* Field Survey */ = {
			isa = PBXNativeTarget;
			buildConfigurationList = 0E68570F1FAD67CB008F4447 /* Build configuration list for PBXNativeTarget "Field Survey" */;
			buildPhases = (
				0E6856F91FAD67CB008F4447 /* Sources */,
				0E6856FA1FAD67CB008F4447 /* Frameworks */,
				0E6856FB1FAD67CB008F4447 /* Resources */,
			);
			buildRules = (
			);
			dependencies = (
			);
			name = "Field Survey";
			productName = "Field Survey";
			productReference = 0E6856FD1FAD67CB008F4447 /* Field Survey.app */;
			productType = "com.apple.product-type.application";
		};
/* End PBXNativeTarget section */

/* Begin PBXProject section */
		0E6856F51FAD67CB008F4447 /* Project object */ = {
			isa = PBXProject;
			attributes = {
				LastSwiftUpdateCheck = 0900;
				LastUpgradeCheck = 0900;
				ORGANIZATIONNAME = "Wentao Song";
				TargetAttributes = {
					0E6856FC1FAD67CB008F4447 = {
						CreatedOnToolsVersion = 9.0;
						ProvisioningStyle = Automatic;
					};
				};
			};
			buildConfigurationList = 0E6856F81FAD67CB008F4447 /* Build configuration list for PBXProject "Field Survey" */;
			compatibilityVersion = "Xcode 8.0";
			developmentRegion = en;
			hasScannedForEncodings = 0;
			knownRegions = (
				en,
				Base,
			);
			mainGroup = 0E6856F41FAD67CB008F4447;
			productRefGroup = 0E6856FE1FAD67CB008F4447 /* Products */;
			projectDirPath = "";
			projectRoot = "";
			targets = (
				0E6856FC1FAD67CB008F4447 /* Field Survey */,
			);
		};
/* End PBXProject section */

/* Begin PBXResourcesBuildPhase section */
		0E6856FB1FAD67CB008F4447 /* Resources */ = {
			isa = PBXResourcesBuildPhase;
			buildActionMask = 2147483647;
			files = (
				0E68570B1FAD67CB008F4447 /* LaunchScreen.storyboard in Resources */,
				0E6857141FAD6A76008F4447 /* field_observations.json in Resources */,
				0E6857081FAD67CB008F4447 /* Assets.xcassets in Resources */,
				0E6857061FAD67CB008F4447 /* Main.storyboard in Resources */,
			);
			runOnlyForDeploymentPostprocessing = 0;
		};
/* End PBXResourcesBuildPhase section */

/* Begin PBXSourcesBuildPhase section */
		0E6856F91FAD67CB008F4447 /* Sources */ = {
			isa = PBXSourcesBuildPhase;
			buildActionMask = 2147483647;
			files = (
				0E6857011FAD67CB008F4447 /* AppDelegate.swift in Sources */,
				0E6857181FAD6D8E008F4447 /* FieldSurvey.swift in Sources */,
				0E6857161FAD6B70008F4447 /* Classification.swift in Sources */,
				0E6857281FAD87E2008F4447 /* FieldSurveyDetailViewController.swift in Sources */,
				0E6857261FAD87A7008F4447 /* FieldSurveyViewController.swift in Sources */,
				0E68571E1FAD7BC3008F4447 /* FieldSurveysJSONLoader.swift in Sources */,
				0E68572A1FAD9530008F4447 /* FieldSurveyTableViewCell.swift in Sources */,
				0E6857201FAD80B0008F4447 /* FieldSurveysJSONParser.swift in Sources */,
			);
			runOnlyForDeploymentPostprocessing = 0;
		};
/* End PBXSourcesBuildPhase section */

/* Begin PBXVariantGroup section */
		0E6857041FAD67CB008F4447 /* Main.storyboard */ = {
			isa = PBXVariantGroup;
			children = (
				0E6857051FAD67CB008F4447 /* Base */,
			);
			name = Main.storyboard;
			sourceTree = "<group>";
		};
		0E6857091FAD67CB008F4447 /* LaunchScreen.storyboard */ = {
			isa = PBXVariantGroup;
			children = (
				0E68570A1FAD67CB008F4447 /* Base */,
			);
			name = LaunchScreen.storyboard;
			sourceTree = "<group>";
		};
/* End PBXVariantGroup section */

/* Begin XCBuildConfiguration section */
		0E68570D1FAD67CB008F4447 /* Debug */ = {
			isa = XCBuildConfiguration;
			buildSettings = {
				ALWAYS_SEARCH_USER_PATHS = NO;
				CLANG_ANALYZER_NONNULL = YES;
				CLANG_ANALYZER_NUMBER_OBJECT_CONVERSION = YES_AGGRESSIVE;
				CLANG_CXX_LANGUAGE_STANDARD = "gnu++14";
				CLANG_CXX_LIBRARY = "libc++";
				CLANG_ENABLE_MODULES = YES;
				CLANG_ENABLE_OBJC_ARC = YES;
				CLANG_WARN_BLOCK_CAPTURE_AUTORELEASING = YES;
				CLANG_WARN_BOOL_CONVERSION = YES;
				CLANG_WARN_COMMA = YES;
				CLANG_WARN_CONSTANT_CONVERSION = YES;
				CLANG_WARN_DIRECT_OBJC_ISA_USAGE = YES_ERROR;
				CLANG_WARN_DOCUMENTATION_COMMENTS = YES;
				CLANG_WARN_EMPTY_BODY = YES;
				CLANG_WARN_ENUM_CONVERSION = YES;
				CLANG_WARN_INFINITE_RECURSION = YES;
				CLANG_WARN_INT_CONVERSION = YES;
				CLANG_WARN_NON_LITERAL_NULL_CONVERSION = YES;
				CLANG_WARN_OBJC_LITERAL_CONVERSION = YES;
				CLANG_WARN_OBJC_ROOT_CLASS = YES_ERROR;
				CLANG_WARN_RANGE_LOOP_ANALYSIS = YES;
				CLANG_WARN_STRICT_PROTOTYPES = YES;
				CLANG_WARN_SUSPICIOUS_MOVE = YES;
				CLANG_WARN_UNGUARDED_AVAILABILITY = YES_AGGRESSIVE;
				CLANG_WARN_UNREACHABLE_CODE = YES;
				CLANG_WARN__DUPLICATE_METHOD_MATCH = YES;
				CODE_SIGN_IDENTITY = "iPhone Developer";
				COPY_PHASE_STRIP = NO;
				DEBUG_INFORMATION_FORMAT = dwarf;
				ENABLE_STRICT_OBJC_MSGSEND = YES;
				ENABLE_TESTABILITY = YES;
				GCC_C_LANGUAGE_STANDARD = gnu11;
				GCC_DYNAMIC_NO_PIC = NO;
				GCC_NO_COMMON_BLOCKS = YES;
				GCC_OPTIMIZATION_LEVEL = 0;
				GCC_PREPROCESSOR_DEFINITIONS = (
					"DEBUG=1",
					"$(inherited)",
				);
				GCC_WARN_64_TO_32_BIT_CONVERSION = YES;
				GCC_WARN_ABOUT_RETURN_TYPE = YES_ERROR;
				GCC_WARN_UNDECLARED_SELECTOR = YES;
				GCC_WARN_UNINITIALIZED_AUTOS = YES_AGGRESSIVE;
				GCC_WARN_UNUSED_FUNCTION = YES;
				GCC_WARN_UNUSED_VARIABLE = YES;
				IPHONEOS_DEPLOYMENT_TARGET = 11.0;
				MTL_ENABLE_DEBUG_INFO = YES;
				ONLY_ACTIVE_ARCH = YES;
				SDKROOT = iphoneos;
				SWIFT_ACTIVE_COMPILATION_CONDITIONS = DEBUG;
				SWIFT_OPTIMIZATION_LEVEL = "-Onone";
			};
			name = Debug;
		};
		0E68570E1FAD67CB008F4447 /* Release */ = {
			isa = XCBuildConfiguration;
			buildSettings = {
				ALWAYS_SEARCH_USER_PATHS = NO;
				CLANG_ANALYZER_NONNULL = YES;
				CLANG_ANALYZER_NUMBER_OBJECT_CONVERSION = YES_AGGRESSIVE;
				CLANG_CXX_LANGUAGE_STANDARD = "gnu++14";
				CLANG_CXX_LIBRARY = "libc++";
				CLANG_ENABLE_MODULES = YES;
				CLANG_ENABLE_OBJC_ARC = YES;
				CLANG_WARN_BLOCK_CAPTURE_AUTORELEASING = YES;
				CLANG_WARN_BOOL_CONVERSION = YES;
				CLANG_WARN_COMMA = YES;
				CLANG_WARN_CONSTANT_CONVERSION = YES;
				CLANG_WARN_DIRECT_OBJC_ISA_USAGE = YES_ERROR;
				CLANG_WARN_DOCUMENTATION_COMMENTS = YES;
				CLANG_WARN_EMPTY_BODY = YES;
				CLANG_WARN_ENUM_CONVERSION = YES;
				CLANG_WARN_INFINITE_RECURSION = YES;
				CLANG_WARN_INT_CONVERSION = YES;
				CLANG_WARN_NON_LITERAL_NULL_CONVERSION = YES;
				CLANG_WARN_OBJC_LITERAL_CONVERSION = YES;
				CLANG_WARN_OBJC_ROOT_CLASS = YES_ERROR;
				CLANG_WARN_RANGE_LOOP_ANALYSIS = YES;
				CLANG_WARN_STRICT_PROTOTYPES = YES;
				CLANG_WARN_SUSPICIOUS_MOVE = YES;
				CLANG_WARN_UNGUARDED_AVAILABILITY = YES_AGGRESSIVE;
				CLANG_WARN_UNREACHABLE_CODE = YES;
				CLANG_WARN__DUPLICATE_METHOD_MATCH = YES;
				CODE_SIGN_IDENTITY = "iPhone Developer";
				COPY_PHASE_STRIP = NO;
				DEBUG_INFORMATION_FORMAT = "dwarf-with-dsym";
				ENABLE_NS_ASSERTIONS = NO;
				ENABLE_STRICT_OBJC_MSGSEND = YES;
				GCC_C_LANGUAGE_STANDARD = gnu11;
				GCC_NO_COMMON_BLOCKS = YES;
				GCC_WARN_64_TO_32_BIT_CONVERSION = YES;
				GCC_WARN_ABOUT_RETURN_TYPE = YES_ERROR;
				GCC_WARN_UNDECLARED_SELECTOR = YES;
				GCC_WARN_UNINITIALIZED_AUTOS = YES_AGGRESSIVE;
				GCC_WARN_UNUSED_FUNCTION = YES;
				GCC_WARN_UNUSED_VARIABLE = YES;
				IPHONEOS_DEPLOYMENT_TARGET = 11.0;
				MTL_ENABLE_DEBUG_INFO = NO;
				SDKROOT = iphoneos;
				SWIFT_OPTIMIZATION_LEVEL = "-Owholemodule";
				VALIDATE_PRODUCT = YES;
			};
			name = Release;
		};
		0E6857101FAD67CB008F4447 /* Debug */ = {
			isa = XCBuildConfiguration;
			buildSettings = {
				ASSETCATALOG_COMPILER_APPICON_NAME = AppIcon;
				CODE_SIGN_STYLE = Automatic;
				INFOPLIST_FILE = "Field Survey/Info.plist";
				LD_RUNPATH_SEARCH_PATHS = "$(inherited) @executable_path/Frameworks";
				PRODUCT_BUNDLE_IDENTIFIER = "online.wentaosong.Field-Survey";
				PRODUCT_NAME = "$(TARGET_NAME)";
				SWIFT_VERSION = 4.0;
				TARGETED_DEVICE_FAMILY = "1,2";
			};
			name = Debug;
		};
		0E6857111FAD67CB008F4447 /* Release */ = {
			isa = XCBuildConfiguration;
			buildSettings = {
				ASSETCATALOG_COMPILER_APPICON_NAME = AppIcon;
				CODE_SIGN_STYLE = Automatic;
				INFOPLIST_FILE = "Field Survey/Info.plist";
				LD_RUNPATH_SEARCH_PATHS = "$(inherited) @executable_path/Frameworks";
				PRODUCT_BUNDLE_IDENTIFIER = "online.wentaosong.Field-Survey";
				PRODUCT_NAME = "$(TARGET_NAME)";
				SWIFT_VERSION = 4.0;
				TARGETED_DEVICE_FAMILY = "1,2";
			};
			name = Release;
		};
/* End XCBuildConfiguration section */

/* Begin XCConfigurationList section */
		0E6856F81FAD67CB008F4447 /* Build configuration list for PBXProject "Field Survey" */ = {
			isa = XCConfigurationList;
			buildConfigurations = (
				0E68570D1FAD67CB008F4447 /* Debug */,
				0E68570E1FAD67CB008F4447 /* Release */,
			);
			defaultConfigurationIsVisible = 0;
			defaultConfigurationName = Release;
		};
		0E68570F1FAD67CB008F4447 /* Build configuration list for PBXNativeTarget "Field Survey" */ = {
			isa = XCConfigurationList;
			buildConfigurations = (
				0E6857101FAD67CB008F4447 /* Debug */,
				0E6857111FAD67CB008F4447 /* Release */,
			);
			defaultConfigurationIsVisible = 0;
			defaultConfigurationName = Release;
		};
/* End XCConfigurationList section */
	};
	rootObject = 0E6856F51FAD67CB008F4447 /* Project object */;
}
